{
  "lockfileVersion": 1,
  "configVersion": 1,
  "workspaces": {
    "": {
      "dependencies": {
        "marked": "^18.0.0",
      },
    },
  },
  "packages": {
    "marked": ["marked@18.0.0", "", { "bin": { "marked": "bin/marked.js" } }, "sha512-2e7Qiv/HJSXj8rDEpgTvGKsP8yYtI9xXHKDnrftrmnrJPaFNM7VRb2YCzWaX4BP1iCJ/XPduzDJZMFoqTCcIMA=="],
  }
}
